
Microsoft Visual Studio Solution File, Format Version 12.00
# Visual Studio 2013
VisualStudioVersion = 12.0.30501.0
MinimumVisualStudioVersion = 10.0.40219.1
Project("{FAE04EC0-301F-11D3-BF4B-00C04F79EFBC}") = "sqlazure-odata-dll", "lahman_odata\sqlazure-odata-dll.csproj", "{C50145E6-A244-4F1F-B41F-90D1925B4A00}"
EndProject
Project("{FAE04EC0-301F-11D3-BF4B-00C04F79EFBC}") = "sqlazure-odata-web", "lahman_webservice\sqlazure-odata-web.csproj", "{88F23BAE-B8E7-4E87-A80F-0B344C64DEAC}"
EndProject
Global
	GlobalSection(TeamFoundationVersionControl) = preSolution
		SccNumberOfProjects = 3
		SccEnterpriseProvider = {4CA58AB2-18FA-4F8D-95D4-32DDF27D184C}
		SccTeamFoundationServer = https://davidem.visualstudio.com/defaultcollection
		SccLocalPath0 = .
		SccProjectUniqueName1 = lahman_odata\\sqlazure-odata-dll.csproj
		SccProjectName1 = lahman_odata
		SccLocalPath1 = lahman_odata
		SccProjectUniqueName2 = lahman_webservice\\sqlazure-odata-web.csproj
		SccProjectName2 = lahman_webservice
		SccLocalPath2 = lahman_webservice
	EndGlobalSection
	GlobalSection(SolutionConfigurationPlatforms) = preSolution
		Debug|Any CPU = Debug|Any CPU
		Release|Any CPU = Release|Any CPU
	EndGlobalSection
	GlobalSection(ProjectConfigurationPlatforms) = postSolution
		{C50145E6-A244-4F1F-B41F-90D1925B4A00}.Debug|Any CPU.ActiveCfg = Debug|Any CPU
		{C50145E6-A244-4F1F-B41F-90D1925B4A00}.Debug|Any CPU.Build.0 = Debug|Any CPU
		{C50145E6-A244-4F1F-B41F-90D1925B4A00}.Release|Any CPU.ActiveCfg = Release|Any CPU
		{C50145E6-A244-4F1F-B41F-90D1925B4A00}.Release|Any CPU.Build.0 = Release|Any CPU
		{88F23BAE-B8E7-4E87-A80F-0B344C64DEAC}.Debug|Any CPU.ActiveCfg = Debug|Any CPU
		{88F23BAE-B8E7-4E87-A80F-0B344C64DEAC}.Debug|Any CPU.Build.0 = Debug|Any CPU
		{88F23BAE-B8E7-4E87-A80F-0B344C64DEAC}.Release|Any CPU.ActiveCfg = Release|Any CPU
		{88F23BAE-B8E7-4E87-A80F-0B344C64DEAC}.Release|Any CPU.Build.0 = Release|Any CPU
	EndGlobalSection
	GlobalSection(SolutionProperties) = preSolution
		HideSolutionNode = FALSE
	EndGlobalSection
EndGlobal
